<?xml version="1.0" encoding="utf-8"?>
<Project ToolsVersion="4.0" xmlns="http://schemas.microsoft.com/developer/msbuild/2003">
  <ItemGroup>
    <Filter Include="Source Files">
      <UniqueIdentifier>{4FC737F1-C7A5-4376-A066-2A32D752A2FF}</UniqueIdentifier>
      <Extensions>cpp;c;cc;cxx;def;odl;idl;hpj;bat;asm;asmx</Extensions>
    </Filter>
    <Filter Include="Header Files">
      <UniqueIdentifier>{93995380-89BD-4b04-88EB-625FBE52EBFB}</UniqueIdentifier>
      <Extensions>h;hpp;hxx;hm;inl;inc;xsd</Extensions>
    </Filter>
    <Filter Include="Resource Files">
      <UniqueIdentifier>{67DA6AB6-F800-4c08-8B7A-83BB121AAD01}</UniqueIdentifier>
      <Extensions>rc;ico;cur;bmp;dlg;rc2;rct;bin;rgs;gif;jpg;jpeg;jpe;resx;tiff;tif;png;wav;mfcribbon-ms</Extensions>
    </Filter>
    <Filter Include="Header Files\Interfaces">
      <UniqueIdentifier>{6c805a46-066e-4101-b5b9-da9065409807}</UniqueIdentifier>
    </Filter>
    <Filter Include="Header Files\Interfaces\Graphics">
      <UniqueIdentifier>{b553dfd5-50a7-4ca5-9adc-00c2a54a0cce}</UniqueIdentifier>
    </Filter>
    <Filter Include="Header Files\Interfaces\Entities">
      <UniqueIdentifier>{679d2ba7-6b70-4f69-96a2-50f12ec8708b}</UniqueIdentifier>
    </Filter>
    <Filter Include="Header Files\ABC">
      <UniqueIdentifier>{33d9a725-f754-47db-af38-96284ee6a6e2}</UniqueIdentifier>
    </Filter>
    <Filter Include="Header Files\Concretes">
      <UniqueIdentifier>{6b2571f9-e70e-4285-ade5-0f3e07c42f6f}</UniqueIdentifier>
    </Filter>
    <Filter Include="Header Files\Concretes\Entities">
      <UniqueIdentifier>{57084238-1b36-48cc-99c3-5a62d12606b8}</UniqueIdentifier>
    </Filter>
    <Filter Include="Header Files\Concretes\Graphics">
      <UniqueIdentifier>{8995267e-09a4-4c25-9dd5-06d4fbd848fd}</UniqueIdentifier>
    </Filter>
    <Filter Include="Header Files\Concretes\Math">
      <UniqueIdentifier>{f368ad0f-85bf-4e7a-9dca-1c35f4cc9626}</UniqueIdentifier>
    </Filter>
    <Filter Include="Header Files\Concretes\Utility">
      <UniqueIdentifier>{f0adfae4-98c8-47ec-837e-a4e61d907abf}</UniqueIdentifier>
    </Filter>
    <Filter Include="Header Files\Concretes\Graphics\DrawObjects">
      <UniqueIdentifier>{a1090316-4782-4fd5-afb1-4c3a92d5b07d}</UniqueIdentifier>
    </Filter>
    <Filter Include="Source Files\Graphics">
      <UniqueIdentifier>{9c48f167-2c0b-4ad3-90a0-07168d7587d5}</UniqueIdentifier>
    </Filter>
    <Filter Include="Source Files\Graphics\DrawObjects">
      <UniqueIdentifier>{404b0b2e-af2d-468b-b10b-d4454e9ee64e}</UniqueIdentifier>
    </Filter>
    <Filter Include="Header Files\Concretes\Entities\Components">
      <UniqueIdentifier>{3f490ae3-e247-4ef2-a190-db85ae6e1ab4}</UniqueIdentifier>
    </Filter>
    <Filter Include="Header Files\Concretes\Graphics\Renderables">
      <UniqueIdentifier>{ae233f9f-ee1d-4b3b-877d-2abc4a9f69f2}</UniqueIdentifier>
    </Filter>
    <Filter Include="Header Files\Concretes\Input">
      <UniqueIdentifier>{2a5e5221-d681-4c09-9dcb-6f335b12019d}</UniqueIdentifier>
    </Filter>
    <Filter Include="Header Files\Interfaces\Input">
      <UniqueIdentifier>{1c75a7d3-3e8d-4041-8411-b1ccd0ade199}</UniqueIdentifier>
    </Filter>
    <Filter Include="Source Files\Input">
      <UniqueIdentifier>{1a202342-a1bf-4831-80cf-9846ecba9b67}</UniqueIdentifier>
    </Filter>
    <Filter Include="Header Files\Concretes\Physics">
      <UniqueIdentifier>{dd854ad6-64d3-4e74-8e61-9c5c0112e2da}</UniqueIdentifier>
    </Filter>
    <Filter Include="Source Files\Physics">
      <UniqueIdentifier>{a05ba518-14d9-41a5-8185-aaed04e51a4f}</UniqueIdentifier>
    </Filter>
    <Filter Include="Header Files\Concretes\Game">
      <UniqueIdentifier>{89227e98-33ab-40a4-a449-e14c2e370580}</UniqueIdentifier>
    </Filter>
    <Filter Include="Header Files\ABC\UI">
      <UniqueIdentifier>{d529d66c-3f9e-4833-a80a-9651394e3ce5}</UniqueIdentifier>
    </Filter>
    <Filter Include="Source Files\UI">
      <UniqueIdentifier>{da33a58e-d4c5-4520-ad78-af04549eb341}</UniqueIdentifier>
    </Filter>
    <Filter Include="Header Files\Interfaces\AI">
      <UniqueIdentifier>{73e5f6bf-f453-45cd-9f68-67c31d622688}</UniqueIdentifier>
    </Filter>
    <Filter Include="Header Files\Concretes\AI">
      <UniqueIdentifier>{5c483b9c-6ec4-4f4a-94d9-11c5342911d0}</UniqueIdentifier>
    </Filter>
    <Filter Include="Header Files\Concretes\AI\Tasks">
      <UniqueIdentifier>{82b6d634-618a-411f-8d67-bf6657db36f5}</UniqueIdentifier>
    </Filter>
  </ItemGroup>
  <ItemGroup>
    <ClCompile Include="main.cpp">
      <Filter>Source Files</Filter>
    </ClCompile>
    <ClCompile Include="SkyApp.cpp">
      <Filter>Source Files</Filter>
    </ClCompile>
    <ClCompile Include="Application.cpp">
      <Filter>Source Files</Filter>
    </ClCompile>
    <ClCompile Include="DrawTriangle.cpp">
      <Filter>Source Files\Graphics\DrawObjects</Filter>
    </ClCompile>
    <ClCompile Include="GLWindow.cpp">
      <Filter>Source Files\Graphics</Filter>
    </ClCompile>
    <ClCompile Include="RenderManager.cpp">
      <Filter>Source Files\Graphics</Filter>
    </ClCompile>
    <ClCompile Include="Scene.cpp">
      <Filter>Source Files\Graphics</Filter>
    </ClCompile>
    <ClCompile Include="Viewport.cpp">
      <Filter>Source Files\Graphics</Filter>
    </ClCompile>
    <ClCompile Include="Camera.cpp">
      <Filter>Source Files\Graphics</Filter>
    </ClCompile>
    <ClCompile Include="Renderables.cpp">
      <Filter>Source Files\Graphics</Filter>
    </ClCompile>
    <ClCompile Include="Transform.cpp">
      <Filter>Source Files\Graphics</Filter>
    </ClCompile>
    <ClCompile Include="KeyHandler.cpp">
      <Filter>Source Files\Input</Filter>
    </ClCompile>
    <ClCompile Include="DrawScene.cpp">
      <Filter>Source Files\Graphics</Filter>
    </ClCompile>
    <ClCompile Include="Renderer.cpp">
      <Filter>Source Files\Graphics</Filter>
    </ClCompile>
    <ClCompile Include="CameraController.cpp">
      <Filter>Source Files</Filter>
    </ClCompile>
    <ClCompile Include="CameraStrategies.cpp">
      <Filter>Source Files\Graphics</Filter>
    </ClCompile>
    <ClCompile Include="ComponentHelpers.cpp">
      <Filter>Source Files</Filter>
    </ClCompile>
    <ClCompile Include="RenderThread.cpp">
      <Filter>Source Files\Graphics</Filter>
    </ClCompile>
    <ClCompile Include="MouseHandler.cpp">
      <Filter>Source Files\Input</Filter>
    </ClCompile>
    <ClCompile Include="Texture.cpp">
      <Filter>Source Files\Graphics</Filter>
    </ClCompile>
    <ClCompile Include="TextureManager.cpp">
      <Filter>Source Files\Graphics</Filter>
    </ClCompile>
    <ClCompile Include="DrawTexture.cpp">
      <Filter>Source Files\Graphics\DrawObjects</Filter>
    </ClCompile>
    <ClCompile Include="SpriteFactory.cpp">
      <Filter>Source Files\Graphics</Filter>
    </ClCompile>
    <ClCompile Include="Vertex.cpp">
      <Filter>Source Files\Graphics</Filter>
    </ClCompile>
    <ClCompile Include="PhysicsManager.cpp">
      <Filter>Source Files\Physics</Filter>
    </ClCompile>
    <ClCompile Include="CharacterInputHandler.cpp">
      <Filter>Source Files</Filter>
    </ClCompile>
    <ClCompile Include="CharacterController.cpp">
      <Filter>Source Files</Filter>
    </ClCompile>
    <ClCompile Include="CharacterAnimationManager.cpp">
      <Filter>Source Files</Filter>
    </ClCompile>
    <ClCompile Include="CharacterAI.cpp">
      <Filter>Source Files</Filter>
    </ClCompile>
    <ClCompile Include="AIManager.cpp">
      <Filter>Source Files</Filter>
    </ClCompile>
  </ItemGroup>
  <ItemGroup>
    <ClInclude Include="ICamera.h">
      <Filter>Header Files\Interfaces\Graphics</Filter>
    </ClInclude>
    <ClInclude Include="IScene.h">
      <Filter>Header Files\Interfaces\Graphics</Filter>
    </ClInclude>
    <ClInclude Include="IViewport.h">
      <Filter>Header Files\Interfaces\Graphics</Filter>
    </ClInclude>
    <ClInclude Include="Vector.h">
      <Filter>Header Files\Concretes\Math</Filter>
    </ClInclude>
    <ClInclude Include="IOCContainer.h">
      <Filter>Header Files\Concretes\Utility</Filter>
    </ClInclude>
    <ClInclude Include="Rect.h">
      <Filter>Header Files\Concretes\Math</Filter>
    </ClInclude>
    <ClInclude Include="Application.h">
      <Filter>Header Files\ABC</Filter>
    </ClInclude>
    <ClInclude Include="GLWindow.h">
      <Filter>Header Files\Concretes\Graphics</Filter>
    </ClInclude>
    <ClInclude Include="IRenderable.h">
      <Filter>Header Files\Interfaces\Graphics</Filter>
    </ClInclude>
    <ClInclude Include="IRenderer.h">
      <Filter>Header Files\Interfaces\Graphics</Filter>
    </ClInclude>
    <ClInclude Include="IComponent.h">
      <Filter>Header Files\Interfaces\Entities</Filter>
    </ClInclude>
    <ClInclude Include="RenderManager.h">
      <Filter>Header Files\Concretes\Graphics</Filter>
    </ClInclude>
    <ClInclude Include="RenderThread.h">
      <Filter>Header Files\Concretes\Graphics</Filter>
    </ClInclude>
    <ClInclude Include="IDrawObject.h">
      <Filter>Header Files\Interfaces\Graphics</Filter>
    </ClInclude>
    <ClInclude Include="Entity.h">
      <Filter>Header Files\Concretes\Entities</Filter>
    </ClInclude>
    <ClInclude Include="Vertex.h">
      <Filter>Header Files\Concretes\Math</Filter>
    </ClInclude>
    <ClInclude Include="DrawTriangle.h">
      <Filter>Header Files\Concretes\Graphics\DrawObjects</Filter>
    </ClInclude>
    <ClInclude Include="Viewport.h">
      <Filter>Header Files\Concretes\Graphics</Filter>
    </ClInclude>
    <ClInclude Include="Camera.h">
      <Filter>Header Files\Concretes\Graphics</Filter>
    </ClInclude>
    <ClInclude Include="Scene.h">
      <Filter>Header Files\Concretes\Graphics</Filter>
    </ClInclude>
    <ClInclude Include="IntrusiveLinkedList.h">
      <Filter>Header Files\Concretes\Utility</Filter>
    </ClInclude>
    <ClInclude Include="PositionComponent.h">
      <Filter>Header Files\Concretes\Entities\Components</Filter>
    </ClInclude>
    <ClInclude Include="Renderer.h">
      <Filter>Header Files\Concretes\Graphics</Filter>
    </ClInclude>
    <ClInclude Include="Singleton.h">
      <Filter>Header Files\Concretes\Utility</Filter>
    </ClInclude>
    <ClInclude Include="MeshComponent.h">
      <Filter>Header Files\Concretes\Entities\Components</Filter>
    </ClInclude>
    <ClInclude Include="Renderables.h">
      <Filter>Header Files\Concretes\Graphics\Renderables</Filter>
    </ClInclude>
    <ClInclude Include="EntityBuilders.h">
      <Filter>Header Files\Concretes\Entities</Filter>
    </ClInclude>
    <ClInclude Include="RotationComponent.h">
      <Filter>Header Files\Concretes\Entities\Components</Filter>
    </ClInclude>
    <ClInclude Include="Transform.h">
      <Filter>Header Files\Concretes\Math</Filter>
    </ClInclude>
    <ClInclude Include="Keystroke.h">
      <Filter>Header Files\Concretes\Input</Filter>
    </ClInclude>
    <ClInclude Include="IKeyEvent.h">
      <Filter>Header Files\Interfaces\Input</Filter>
    </ClInclude>
    <ClInclude Include="KeyHandler.h">
      <Filter>Header Files\Concretes\Input</Filter>
    </ClInclude>
    <ClInclude Include="DrawScene.h">
      <Filter>Header Files\Concretes\Graphics</Filter>
    </ClInclude>
    <ClInclude Include="PhysicsComponents.h">
      <Filter>Header Files\Concretes\Entities\Components</Filter>
    </ClInclude>
    <ClInclude Include="Trig.h">
      <Filter>Header Files\Concretes\Math</Filter>
    </ClInclude>
    <ClInclude Include="SkyApp.h">
      <Filter>Header Files\Concretes\Game</Filter>
    </ClInclude>
    <ClInclude Include="CharacterController.h">
      <Filter>Header Files\Concretes\Game</Filter>
    </ClInclude>
    <ClInclude Include="CameraController.h">
      <Filter>Header Files\Concretes\Game</Filter>
    </ClInclude>
    <ClInclude Include="GraphicComponents.h">
      <Filter>Header Files\Concretes\Entities\Components</Filter>
    </ClInclude>
    <ClInclude Include="CameraStrategies.h">
      <Filter>Header Files\Concretes\Graphics</Filter>
    </ClInclude>
    <ClInclude Include="Event.h">
      <Filter>Header Files\Concretes\Utility</Filter>
    </ClInclude>
    <ClInclude Include="Color.h">
      <Filter>Header Files\Concretes\Utility</Filter>
    </ClInclude>
    <ClInclude Include="ComponentHelpers.h">
      <Filter>Header Files\Concretes\Entities\Components</Filter>
    </ClInclude>
    <ClInclude Include="MouseHandler.h">
      <Filter>Header Files\Concretes\Input</Filter>
    </ClInclude>
    <ClInclude Include="ObjectHash.h">
      <Filter>Header Files\Concretes\Utility</Filter>
    </ClInclude>
    <ClInclude Include="ITexture.h">
      <Filter>Header Files\Interfaces\Graphics</Filter>
    </ClInclude>
    <ClInclude Include="Texture.h">
      <Filter>Header Files\Concretes\Graphics</Filter>
    </ClInclude>
    <ClInclude Include="TextureManager.h">
      <Filter>Header Files\Concretes\Graphics</Filter>
    </ClInclude>
    <ClInclude Include="DrawTexture.h">
      <Filter>Header Files\Concretes\Graphics\DrawObjects</Filter>
    </ClInclude>
    <ClInclude Include="IAnimation.h">
      <Filter>Header Files\Interfaces\Graphics</Filter>
    </ClInclude>
    <ClInclude Include="Sprite.h">
      <Filter>Header Files\Concretes\Graphics</Filter>
    </ClInclude>
    <ClInclude Include="SpriteFactory.h">
      <Filter>Header Files\Concretes\Graphics</Filter>
    </ClInclude>
    <ClInclude Include="Animations.h">
      <Filter>Header Files\Concretes\Graphics</Filter>
    </ClInclude>
    <ClInclude Include="TextureComponent.h">
      <Filter>Header Files\Concretes\Entities\Components</Filter>
    </ClInclude>
    <ClInclude Include="IEntityManager.h">
      <Filter>Header Files\Interfaces</Filter>
    </ClInclude>
    <ClInclude Include="PhysicsManager.h">
      <Filter>Header Files\Concretes\Physics</Filter>
    </ClInclude>
    <ClInclude Include="SeanSort.h">
      <Filter>Header Files\Concretes\Utility</Filter>
    </ClInclude>
    <ClInclude Include="CharacterInputHandler.h">
      <Filter>Header Files\Concretes\Game</Filter>
    </ClInclude>
    <ClInclude Include="CharacterComponent.h">
      <Filter>Header Files\Concretes\Entities\Components</Filter>
    </ClInclude>
    <ClInclude Include="CharacterAnimationManager.h">
      <Filter>Header Files\Concretes\Game</Filter>
    </ClInclude>
    <ClInclude Include="IAITask.h">
      <Filter>Header Files\Interfaces\AI</Filter>
    </ClInclude>
    <ClInclude Include="CharacterAI.h">
      <Filter>Header Files\Concretes\Game</Filter>
    </ClInclude>
    <ClInclude Include="AIComponent.h">
      <Filter>Header Files\Concretes\Entities\Components</Filter>
    </ClInclude>
    <ClInclude Include="AIManager.h">
      <Filter>Header Files\Concretes\Game</Filter>
    </ClInclude>
    <ClInclude Include="MoveCharacterTask.h">
      <Filter>Header Files\Concretes\AI\Tasks</Filter>
    </ClInclude>
    <ClInclude Include="WaitTask.h">
      <Filter>Header Files\Concretes\AI\Tasks</Filter>
    </ClInclude>
    <ClInclude Include="TaskList.h">
      <Filter>Header Files\Concretes\AI\Tasks</Filter>
    </ClInclude>
  </ItemGroup>
</Project>